{
  "name": "feedback-ui",
  "lockfileVersion": 3,
  "requires": true,
  "packages": {
    "": {
      "dependencies": {
        "@angular/animations": "^19.2.12",
        "@angular/cdk": "^19.2.17",
        "@angular/material": "^19.2.17",
        "primeicons": "^7.0.0",
        "primeng": "^19.1.3"
      }
    },
    "node_modules/@angular/animations": {
      "version": "19.2.12",
      "resolved": "https://registry.npmjs.org/@angular/animations/-/animations-19.2.12.tgz",
      "integrity": "sha512-PEONFwzhUzeAMFW2ehfL+uGnkeVsikoEOJ3RJVdHWH7W8GUgdN2ubogw6umu939/MqL1MsItImXQcBA7aWfzSg==",
      "dependencies": {
        "tslib": "^2.3.0"
      },
      "engines": {
        "node": "^18.19.1 || ^20.11.1 || >=22.0.0"
      },
      "peerDependencies": {
        "@angular/common": "19.2.12",
        "@angular/core": "19.2.12"
      }
    },
    "node_modules/@angular/cdk": {
      "version": "19.2.17",
      "resolved": "https://registry.npmjs.org/@angular/cdk/-/cdk-19.2.17.tgz",
      "integrity": "sha512-3jG33S+5+kqymCRwQlcSEWlY5rYwkKxe0onln+NXxT0/kteR02vWvv1+Li4/QqSr5JvsGHEhAFsZaR9QtOzbdA==",
      "dependencies": {
        "parse5": "^7.1.2",
        "tslib": "^2.3.0"
      },
      "peerDependencies": {
        "@angular/common": "^19.0.0 || ^20.0.0",
        "@angular/core": "^19.0.0 || ^20.0.0",
        "rxjs": "^6.5.3 || ^7.4.0"
      }
    },
    "node_modules/@angular/common": {
      "version": "19.2.12",
      "resolved": "https://registry.npmjs.org/@angular/common/-/common-19.2.12.tgz",
      "integrity": "sha512-oE2KLvU+YUyq2pUPS8nBWxkPGj29JzslaFcS9vQgvuKZgBTIwAgKm8QHBsitiZ0V+kX8Agwnl5YSdxdtuV2gQQ==",
      "peer": true,
      "dependencies": {
        "tslib": "^2.3.0"
      },
      "engines": {
        "node": "^18.19.1 || ^20.11.1 || >=22.0.0"
      },
      "peerDependencies": {
        "@angular/core": "19.2.12",
        "rxjs": "^6.5.3 || ^7.4.0"
      }
    },
    "node_modules/@angular/core": {
      "version": "19.2.12",
      "resolved": "https://registry.npmjs.org/@angular/core/-/core-19.2.12.tgz",
      "integrity": "sha512-NO/EfB1er3627Y9vxEw+VjR59g3fKigAX03DMHF4nyIsjxFZVtzKYztx7hfpCQ4f4kgqKz6WKi3ueUyyyziFqQ==",
      "peer": true,
      "dependencies": {
        "tslib": "^2.3.0"
      },
      "engines": {
        "node": "^18.19.1 || ^20.11.1 || >=22.0.0"
      },
      "peerDependencies": {
        "rxjs": "^6.5.3 || ^7.4.0",
        "zone.js": "~0.15.0"
      }
    },
    "node_modules/@angular/forms": {
      "version": "19.2.12",
      "resolved": "https://registry.npmjs.org/@angular/forms/-/forms-19.2.12.tgz",
      "integrity": "sha512-hHJ+YoofahQvGlKvKxgj2vdGwP/D6RYoDtD/MLj41ZIIok4dmk9Rlty1pa3/FfluFK+tHX+CEYqfB+oShtPeaQ==",
      "peer": true,
      "dependencies": {
        "tslib": "^2.3.0"
      },
      "engines": {
        "node": "^18.19.1 || ^20.11.1 || >=22.0.0"
      },
      "peerDependencies": {
        "@angular/common": "19.2.12",
        "@angular/core": "19.2.12",
        "@angular/platform-browser": "19.2.12",
        "rxjs": "^6.5.3 || ^7.4.0"
      }
    },
    "node_modules/@angular/material": {
      "version": "19.2.17",
      "resolved": "https://registry.npmjs.org/@angular/material/-/material-19.2.17.tgz",
      "integrity": "sha512-IyA+KP+uUj3r9loqGJrj7qAiEBckj7EVIdV0jlYwqWIUyKWeJ3R88GmLPMH2BgtBU3R/WkS2blXDI0yvRhKfww==",
      "dependencies": {
        "tslib": "^2.3.0"
      },
      "peerDependencies": {
        "@angular/cdk": "19.2.17",
        "@angular/common": "^19.0.0 || ^20.0.0",
        "@angular/core": "^19.0.0 || ^20.0.0",
        "@angular/forms": "^19.0.0 || ^20.0.0",
        "@angular/platform-browser": "^19.0.0 || ^20.0.0",
        "rxjs": "^6.5.3 || ^7.4.0"
      }
    },
    "node_modules/@angular/platform-browser": {
      "version": "19.2.12",
      "resolved": "https://registry.npmjs.org/@angular/platform-browser/-/platform-browser-19.2.12.tgz",
      "integrity": "sha512-R1LF7zvO2CxcJGn8tvpZQPH773iLDMVEGMZc2pRsQoehqgRmos2qjdML4DgVFF1Ismu9TxEtBfIzOiHCSOg2Zg==",
      "peer": true,
      "dependencies": {
        "tslib": "^2.3.0"
      },
      "engines": {
        "node": "^18.19.1 || ^20.11.1 || >=22.0.0"
      },
      "peerDependencies": {
        "@angular/animations": "19.2.12",
        "@angular/common": "19.2.12",
        "@angular/core": "19.2.12"
      },
      "peerDependenciesMeta": {
        "@angular/animations": {
          "optional": true
        }
      }
    },
    "node_modules/@angular/router": {
      "version": "19.2.12",
      "resolved": "https://registry.npmjs.org/@angular/router/-/router-19.2.12.tgz",
      "integrity": "sha512-T2VM8QjKukLnPVyWe4EavSIsBmt91wGVTP7AK8rpWNdMXhVjn8m4iPJGT2Ne0Bqh4kTmISOPZPDEA6A6Q78NvQ==",
      "peer": true,
      "dependencies": {
        "tslib": "^2.3.0"
      },
      "engines": {
        "node": "^18.19.1 || ^20.11.1 || >=22.0.0"
      },
      "peerDependencies": {
        "@angular/common": "19.2.12",
        "@angular/core": "19.2.12",
        "@angular/platform-browser": "19.2.12",
        "rxjs": "^6.5.3 || ^7.4.0"
      }
    },
    "node_modules/@primeuix/styled": {
      "version": "0.3.2",
      "resolved": "https://registry.npmjs.org/@primeuix/styled/-/styled-0.3.2.tgz",
      "integrity": "sha512-ColZes0+/WKqH4ob2x8DyNYf1NENpe5ZguOvx5yCLxaP8EIMVhLjWLO/3umJiDnQU4XXMLkn2mMHHw+fhTX/mw==",
      "dependencies": {
        "@primeuix/utils": "^0.3.2"
      },
      "engines": {
        "node": ">=12.11.0"
      }
    },
    "node_modules/@primeuix/utils": {
      "version": "0.3.2",
      "resolved": "https://registry.npmjs.org/@primeuix/utils/-/utils-0.3.2.tgz",
      "integrity": "sha512-B+nphqTQeq+i6JuICLdVWnDMjONome2sNz0xI65qIOyeB4EF12CoKRiCsxuZ5uKAkHi/0d1LqlQ9mIWRSdkavw==",
      "engines": {
        "node": ">=12.11.0"
      }
    },
    "node_modules/entities": {
      "version": "6.0.0",
      "resolved": "https://registry.npmjs.org/entities/-/entities-6.0.0.tgz",
      "integrity": "sha512-aKstq2TDOndCn4diEyp9Uq/Flu2i1GlLkc6XIDQSDMuaFE3OPW5OphLCyQ5SpSJZTb4reN+kTcYru5yIfXoRPw==",
      "engines": {
        "node": ">=0.12"
      },
      "funding": {
        "url": "https://github.com/fb55/entities?sponsor=1"
      }
    },
    "node_modules/parse5": {
      "version": "7.3.0",
      "resolved": "https://registry.npmjs.org/parse5/-/parse5-7.3.0.tgz",
      "integrity": "sha512-IInvU7fabl34qmi9gY8XOVxhYyMyuH2xUNpb2q8/Y+7552KlejkRvqvD19nMoUW/uQGGbqNpA6Tufu5FL5BZgw==",
      "dependencies": {
        "entities": "^6.0.0"
      },
      "funding": {
        "url": "https://github.com/inikulin/parse5?sponsor=1"
      }
    },
    "node_modules/primeicons": {
      "version": "7.0.0",
      "resolved": "https://registry.npmjs.org/primeicons/-/primeicons-7.0.0.tgz",
      "integrity": "sha512-jK3Et9UzwzTsd6tzl2RmwrVY/b8raJ3QZLzoDACj+oTJ0oX7L9Hy+XnVwgo4QVKlKpnP/Ur13SXV/pVh4LzaDw=="
    },
    "node_modules/primeng": {
      "version": "19.1.3",
      "resolved": "https://registry.npmjs.org/primeng/-/primeng-19.1.3.tgz",
      "integrity": "sha512-KsrvJFblKg28kA6d4npnnABjKClmJv0CgDT/kOxFq5onQNBy4547DJzRGMba4+CMLKjHWWkYWuC+XSkPMNFrZg==",
      "dependencies": {
        "@primeuix/styled": "^0.3.2",
        "@primeuix/utils": "^0.3.2",
        "tslib": "^2.3.0"
      },
      "peerDependencies": {
        "@angular/animations": "^19.0.0",
        "@angular/cdk": "^19.0.0",
        "@angular/common": "^19.0.0",
        "@angular/core": "^19.0.0",
        "@angular/forms": "^19.0.0",
        "@angular/platform-browser": "^19.0.0",
        "@angular/router": "^19.0.0",
        "rxjs": "^6.0.0 || ^7.8.1"
      }
    },
    "node_modules/rxjs": {
      "version": "7.8.2",
      "resolved": "https://registry.npmjs.org/rxjs/-/rxjs-7.8.2.tgz",
      "integrity": "sha512-dhKf903U/PQZY6boNNtAGdWbG85WAbjT/1xYoZIC7FAY0yWapOBQVsVrDl58W86//e1VpMNBtRV4MaXfdMySFA==",
      "peer": true,
      "dependencies": {
        "tslib": "^2.1.0"
      }
    },
    "node_modules/tslib": {
      "version": "2.8.1",
      "resolved": "https://registry.npmjs.org/tslib/-/tslib-2.8.1.tgz",
      "integrity": "sha512-oJFu94HQb+KVduSUQL7wnpmqnfmLsOA/nAh6b6EH0wCEoK0/mPeXU6c3wKDV83MkOuHPRHtSXKKU99IBazS/2w=="
    },
    "node_modules/zone.js": {
      "version": "0.15.0",
      "resolved": "https://registry.npmjs.org/zone.js/-/zone.js-0.15.0.tgz",
      "integrity": "sha512-9oxn0IIjbCZkJ67L+LkhYWRyAy7axphb3VgE2MBDlOqnmHMPWGYMxJxBYFueFq/JGY2GMwS0rU+UCLunEmy5UA==",
      "peer": true
    }
  }
}
